// !$*UTF8*$!
{
	archiveVersion = 1;
	classes = {
	};
	objectVersion = 50;
	objects = {

/* Begin PBXBuildFile section */
		7FD8A73618A5F3F2A430EB7F /* libPods-SLCDevelopLibrary.a in Frameworks */ = {isa = PBXBuildFile; fileRef = D7F3CA0A8E8FA35B6D2F39BB /* libPods-SLCDevelopLibrary.a */; };
		A0830D5820EF087300B5D9F7 /* LCGuideView.m in Sources */ = {isa = PBXBuildFile; fileRef = A0830D5720EF087300B5D9F7 /* LCGuideView.m */; };
		A0830D5A20EF417700B5D9F7 /* libSDWebImage.a in Frameworks */ = {isa = PBXBuildFile; fileRef = A0830D5920EF417700B5D9F7 /* libSDWebImage.a */; };
		A0830D5E20EF417F00B5D9F7 /* libSDCycleScrollView.a in Frameworks */ = {isa = PBXBuildFile; fileRef = A0830D5D20EF417F00B5D9F7 /* libSDCycleScrollView.a */; };
		A7141E5522408BE500D67ECB /* LCPickerView.m in Sources */ = {isa = PBXBuildFile; fileRef = A7141E5422408BE500D67ECB /* LCPickerView.m */; };
		A7141E59224096D000D67ECB /* LCPhotoView.m in Sources */ = {isa = PBXBuildFile; fileRef = A7141E58224096D000D67ECB /* LCPhotoView.m */; };
		A7141E5C224096F300D67ECB /* LCPhotoInfoCollectionViewCell.m in Sources */ = {isa = PBXBuildFile; fileRef = A7141E5B224096F300D67ECB /* LCPhotoInfoCollectionViewCell.m */; };
		A7141E5F2240970C00D67ECB /* LCCheckPhotoView.m in Sources */ = {isa = PBXBuildFile; fileRef = A7141E5E2240970C00D67ECB /* LCCheckPhotoView.m */; };
		A7141E622240974300D67ECB /* LCPhotoDataModel.m in Sources */ = {isa = PBXBuildFile; fileRef = A7141E612240974300D67ECB /* LCPhotoDataModel.m */; };
		A7141E652240B12B00D67ECB /* AppDelegate+AppService.m in Sources */ = {isa = PBXBuildFile; fileRef = A7141E642240B12B00D67ECB /* AppDelegate+AppService.m */; };
		A7141E6F2240B5DE00D67ECB /* SDPhotoBrowser.m in Sources */ = {isa = PBXBuildFile; fileRef = A7141E692240B5DE00D67ECB /* SDPhotoBrowser.m */; };
		A7141E702240B5DE00D67ECB /* SDWaitingView.m in Sources */ = {isa = PBXBuildFile; fileRef = A7141E6A2240B5DE00D67ECB /* SDWaitingView.m */; };
		A7141E712240B5DE00D67ECB /* SDBrowserImageView.m in Sources */ = {isa = PBXBuildFile; fileRef = A7141E6B2240B5DE00D67ECB /* SDBrowserImageView.m */; };
		A7141E762240CCCD00D67ECB /* LCCalendarViewController.m in Sources */ = {isa = PBXBuildFile; fileRef = A7141E752240CCCD00D67ECB /* LCCalendarViewController.m */; };
		A7141E792240CDA700D67ECB /* 1.jpg in Resources */ = {isa = PBXBuildFile; fileRef = A7141E782240CDA700D67ECB /* 1.jpg */; };
		A71BFB1B223F2FE400C2C87E /* LCApiProxy.m in Sources */ = {isa = PBXBuildFile; fileRef = A71BFB1A223F2FE400C2C87E /* LCApiProxy.m */; };
		A71BFB1E223F346900C2C87E /* LCAPIBaseManager.m in Sources */ = {isa = PBXBuildFile; fileRef = A71BFB1D223F346900C2C87E /* LCAPIBaseManager.m */; };
		A71BFB22223F3C9300C2C87E /* LCNumberView.m in Sources */ = {isa = PBXBuildFile; fileRef = A71BFB21223F3C9300C2C87E /* LCNumberView.m */; };
		A76EFC0220E27859006346F5 /* AppDelegate.m in Sources */ = {isa = PBXBuildFile; fileRef = A76EFC0120E27859006346F5 /* AppDelegate.m */; };
		A76EFC0E20E278E7006346F5 /* ViewController.m in Sources */ = {isa = PBXBuildFile; fileRef = A76EFC0520E278E6006346F5 /* ViewController.m */; };
		A76EFC0F20E278E7006346F5 /* LaunchScreen.storyboard in Resources */ = {isa = PBXBuildFile; fileRef = A76EFC0720E278E6006346F5 /* LaunchScreen.storyboard */; };
		A76EFC1020E278E7006346F5 /* Main.storyboard in Resources */ = {isa = PBXBuildFile; fileRef = A76EFC0920E278E6006346F5 /* Main.storyboard */; };
		A76EFC1220E278E7006346F5 /* main.m in Sources */ = {isa = PBXBuildFile; fileRef = A76EFC0C20E278E6006346F5 /* main.m */; };
		A76EFC1320E278E7006346F5 /* Assets.xcassets in Resources */ = {isa = PBXBuildFile; fileRef = A76EFC0D20E278E6006346F5 /* Assets.xcassets */; };
		A77D545E2224D65200B3DBB4 /* MainTabBarController.m in Sources */ = {isa = PBXBuildFile; fileRef = A77D545D2224D65200B3DBB4 /* MainTabBarController.m */; };
		A77D54612224D66C00B3DBB4 /* RootNavigationController.m in Sources */ = {isa = PBXBuildFile; fileRef = A77D54602224D66C00B3DBB4 /* RootNavigationController.m */; };
		A77D54642224DAEC00B3DBB4 /* HomeViewController.m in Sources */ = {isa = PBXBuildFile; fileRef = A77D54632224DAEC00B3DBB4 /* HomeViewController.m */; };
		A77D548322251DFE00B3DBB4 /* LCViewControllerIntercepter.m in Sources */ = {isa = PBXBuildFile; fileRef = A77D548222251DFE00B3DBB4 /* LCViewControllerIntercepter.m */; };
		A77D548622251E2D00B3DBB4 /* LCNavigationControllerIntercepter.m in Sources */ = {isa = PBXBuildFile; fileRef = A77D548522251E2D00B3DBB4 /* LCNavigationControllerIntercepter.m */; };
		A7CAC9162223C25C0016C4A8 /* LCBannerView.m in Sources */ = {isa = PBXBuildFile; fileRef = A7CAC9152223C25C0016C4A8 /* LCBannerView.m */; };
		A7CAC91A2223C8FD0016C4A8 /* NSString+LCAdd.m in Sources */ = {isa = PBXBuildFile; fileRef = A7CAC9192223C8FD0016C4A8 /* NSString+LCAdd.m */; };
		A7CAC91D2223C9120016C4A8 /* UIImage+LCAdd.m in Sources */ = {isa = PBXBuildFile; fileRef = A7CAC91C2223C9120016C4A8 /* UIImage+LCAdd.m */; };
		A7CAC9202223C93D0016C4A8 /* UIResponder+LCAdd.m in Sources */ = {isa = PBXBuildFile; fileRef = A7CAC91F2223C93D0016C4A8 /* UIResponder+LCAdd.m */; };
		A7CAC9232223C94D0016C4A8 /* UIViewController+LCAdd.m in Sources */ = {isa = PBXBuildFile; fileRef = A7CAC9222223C94D0016C4A8 /* UIViewController+LCAdd.m */; };
		A7CAC9262223C9590016C4A8 /* UIView+LCAdd.m in Sources */ = {isa = PBXBuildFile; fileRef = A7CAC9252223C9590016C4A8 /* UIView+LCAdd.m */; };
		A7CAC9292223C9650016C4A8 /* UIButton+LCAdd.m in Sources */ = {isa = PBXBuildFile; fileRef = A7CAC9282223C9650016C4A8 /* UIButton+LCAdd.m */; };
		A7CAC92C2223C97E0016C4A8 /* CAGradientLayer+LCAdd.m in Sources */ = {isa = PBXBuildFile; fileRef = A7CAC92B2223C97E0016C4A8 /* CAGradientLayer+LCAdd.m */; };
		A7CAC92F2223C98B0016C4A8 /* NSDate+LCAdd.m in Sources */ = {isa = PBXBuildFile; fileRef = A7CAC92E2223C98B0016C4A8 /* NSDate+LCAdd.m */; };
		A7CAC9352223D0B80016C4A8 /* LCSortView.m in Sources */ = {isa = PBXBuildFile; fileRef = A7CAC9342223D0B80016C4A8 /* LCSortView.m */; };
		A7CAC9382223D3540016C4A8 /* LCSortDataModel.m in Sources */ = {isa = PBXBuildFile; fileRef = A7CAC9372223D3540016C4A8 /* LCSortDataModel.m */; };
		A7EA78CF221E6C1000BFFCFF /* LCAlertView.m in Sources */ = {isa = PBXBuildFile; fileRef = A7EA78CE221E6C1000BFFCFF /* LCAlertView.m */; };
/* End PBXBuildFile section */

/* Begin PBXFileReference section */
		07924BA6C389CDB30DA07E63 /* Pods-SLCDevelopLibrary.release.xcconfig */ = {isa = PBXFileReference; includeInIndex = 1; lastKnownFileType = text.xcconfig; name = "Pods-SLCDevelopLibrary.release.xcconfig"; path = "Pods/Target Support Files/Pods-SLCDevelopLibrary/Pods-SLCDevelopLibrary.release.xcconfig"; sourceTree = "<group>"; };
		A0830D5620EF087300B5D9F7 /* LCGuideView.h */ = {isa = PBXFileReference; lastKnownFileType = sourcecode.c.h; path = LCGuideView.h; sourceTree = "<group>"; };
		A0830D5720EF087300B5D9F7 /* LCGuideView.m */ = {isa = PBXFileReference; lastKnownFileType = sourcecode.c.objc; path = LCGuideView.m; sourceTree = "<group>"; };
		A0830D5920EF417700B5D9F7 /* libSDWebImage.a */ = {isa = PBXFileReference; explicitFileType = archive.ar; path = libSDWebImage.a; sourceTree = BUILT_PRODUCTS_DIR; };
		A0830D5B20EF417B00B5D9F7 /* libSDAutoLayout.a */ = {isa = PBXFileReference; explicitFileType = archive.ar; path = libSDAutoLayout.a; sourceTree = BUILT_PRODUCTS_DIR; };
		A0830D5D20EF417F00B5D9F7 /* libSDCycleScrollView.a */ = {isa = PBXFileReference; explicitFileType = archive.ar; path = libSDCycleScrollView.a; sourceTree = BUILT_PRODUCTS_DIR; };
		A7141E5322408BE500D67ECB /* LCPickerView.h */ = {isa = PBXFileReference; lastKnownFileType = sourcecode.c.h; path = LCPickerView.h; sourceTree = "<group>"; };
		A7141E5422408BE500D67ECB /* LCPickerView.m */ = {isa = PBXFileReference; lastKnownFileType = sourcecode.c.objc; path = LCPickerView.m; sourceTree = "<group>"; };
		A7141E57224096D000D67ECB /* LCPhotoView.h */ = {isa = PBXFileReference; lastKnownFileType = sourcecode.c.h; path = LCPhotoView.h; sourceTree = "<group>"; };
		A7141E58224096D000D67ECB /* LCPhotoView.m */ = {isa = PBXFileReference; lastKnownFileType = sourcecode.c.objc; path = LCPhotoView.m; sourceTree = "<group>"; };
		A7141E5A224096F300D67ECB /* LCPhotoInfoCollectionViewCell.h */ = {isa = PBXFileReference; lastKnownFileType = sourcecode.c.h; path = LCPhotoInfoCollectionViewCell.h; sourceTree = "<group>"; };
		A7141E5B224096F300D67ECB /* LCPhotoInfoCollectionViewCell.m */ = {isa = PBXFileReference; lastKnownFileType = sourcecode.c.objc; path = LCPhotoInfoCollectionViewCell.m; sourceTree = "<group>"; };
		A7141E5D2240970C00D67ECB /* LCCheckPhotoView.h */ = {isa = PBXFileReference; lastKnownFileType = sourcecode.c.h; path = LCCheckPhotoView.h; sourceTree = "<group>"; };
		A7141E5E2240970C00D67ECB /* LCCheckPhotoView.m */ = {isa = PBXFileReference; lastKnownFileType = sourcecode.c.objc; path = LCCheckPhotoView.m; sourceTree = "<group>"; };
		A7141E602240974300D67ECB /* LCPhotoDataModel.h */ = {isa = PBXFileReference; lastKnownFileType = sourcecode.c.h; path = LCPhotoDataModel.h; sourceTree = "<group>"; };
		A7141E612240974300D67ECB /* LCPhotoDataModel.m */ = {isa = PBXFileReference; lastKnownFileType = sourcecode.c.objc; path = LCPhotoDataModel.m; sourceTree = "<group>"; };
		A7141E632240B12B00D67ECB /* AppDelegate+AppService.h */ = {isa = PBXFileReference; lastKnownFileType = sourcecode.c.h; path = "AppDelegate+AppService.h"; sourceTree = "<group>"; };
		A7141E642240B12B00D67ECB /* AppDelegate+AppService.m */ = {isa = PBXFileReference; lastKnownFileType = sourcecode.c.objc; path = "AppDelegate+AppService.m"; sourceTree = "<group>"; };
		A7141E682240B5DE00D67ECB /* SDPhotoBrowserConfig.h */ = {isa = PBXFileReference; fileEncoding = 4; lastKnownFileType = sourcecode.c.h; path = SDPhotoBrowserConfig.h; sourceTree = "<group>"; };
		A7141E692240B5DE00D67ECB /* SDPhotoBrowser.m */ = {isa = PBXFileReference; fileEncoding = 4; lastKnownFileType = sourcecode.c.objc; path = SDPhotoBrowser.m; sourceTree = "<group>"; };
		A7141E6A2240B5DE00D67ECB /* SDWaitingView.m */ = {isa = PBXFileReference; fileEncoding = 4; lastKnownFileType = sourcecode.c.objc; path = SDWaitingView.m; sourceTree = "<group>"; };
		A7141E6B2240B5DE00D67ECB /* SDBrowserImageView.m */ = {isa = PBXFileReference; fileEncoding = 4; lastKnownFileType = sourcecode.c.objc; path = SDBrowserImageView.m; sourceTree = "<group>"; };
		A7141E6C2240B5DE00D67ECB /* SDWaitingView.h */ = {isa = PBXFileReference; fileEncoding = 4; lastKnownFileType = sourcecode.c.h; path = SDWaitingView.h; sourceTree = "<group>"; };
		A7141E6D2240B5DE00D67ECB /* SDPhotoBrowser.h */ = {isa = PBXFileReference; fileEncoding = 4; lastKnownFileType = sourcecode.c.h; path = SDPhotoBrowser.h; sourceTree = "<group>"; };
		A7141E6E2240B5DE00D67ECB /* SDBrowserImageView.h */ = {isa = PBXFileReference; fileEncoding = 4; lastKnownFileType = sourcecode.c.h; path = SDBrowserImageView.h; sourceTree = "<group>"; };
		A7141E742240CCCD00D67ECB /* LCCalendarViewController.h */ = {isa = PBXFileReference; lastKnownFileType = sourcecode.c.h; path = LCCalendarViewController.h; sourceTree = "<group>"; };
		A7141E752240CCCD00D67ECB /* LCCalendarViewController.m */ = {isa = PBXFileReference; lastKnownFileType = sourcecode.c.objc; path = LCCalendarViewController.m; sourceTree = "<group>"; };
		A7141E782240CDA700D67ECB /* 1.jpg */ = {isa = PBXFileReference; lastKnownFileType = image.jpeg; path = 1.jpg; sourceTree = "<group>"; };
		A71BFB19223F2FE400C2C87E /* LCApiProxy.h */ = {isa = PBXFileReference; lastKnownFileType = sourcecode.c.h; path = LCApiProxy.h; sourceTree = "<group>"; };
		A71BFB1A223F2FE400C2C87E /* LCApiProxy.m */ = {isa = PBXFileReference; lastKnownFileType = sourcecode.c.objc; path = LCApiProxy.m; sourceTree = "<group>"; };
		A71BFB1C223F346900C2C87E /* LCAPIBaseManager.h */ = {isa = PBXFileReference; lastKnownFileType = sourcecode.c.h; path = LCAPIBaseManager.h; sourceTree = "<group>"; };
		A71BFB1D223F346900C2C87E /* LCAPIBaseManager.m */ = {isa = PBXFileReference; lastKnownFileType = sourcecode.c.objc; path = LCAPIBaseManager.m; sourceTree = "<group>"; };
		A71BFB20223F3C9300C2C87E /* LCNumberView.h */ = {isa = PBXFileReference; lastKnownFileType = sourcecode.c.h; path = LCNumberView.h; sourceTree = "<group>"; };
		A71BFB21223F3C9300C2C87E /* LCNumberView.m */ = {isa = PBXFileReference; lastKnownFileType = sourcecode.c.objc; path = LCNumberView.m; sourceTree = "<group>"; };
		A76E03FE20E3C903006346F5 /* UtilsMacros.h */ = {isa = PBXFileReference; lastKnownFileType = sourcecode.c.h; path = UtilsMacros.h; sourceTree = "<group>"; };
		A76E03FF20E3C914006346F5 /* URLMacros.h */ = {isa = PBXFileReference; lastKnownFileType = sourcecode.c.h; path = URLMacros.h; sourceTree = "<group>"; };
		A76EFBDF20E26C1B006346F5 /* SLCDevelopLibrary.app */ = {isa = PBXFileReference; explicitFileType = wrapper.application; includeInIndex = 0; path = SLCDevelopLibrary.app; sourceTree = BUILT_PRODUCTS_DIR; };
		A76EFC0020E27859006346F5 /* AppDelegate.h */ = {isa = PBXFileReference; fileEncoding = 4; lastKnownFileType = sourcecode.c.h; path = AppDelegate.h; sourceTree = "<group>"; };
		A76EFC0120E27859006346F5 /* AppDelegate.m */ = {isa = PBXFileReference; fileEncoding = 4; lastKnownFileType = sourcecode.c.objc; path = AppDelegate.m; sourceTree = "<group>"; };
		A76EFC0420E278E6006346F5 /* ViewController.h */ = {isa = PBXFileReference; fileEncoding = 4; lastKnownFileType = sourcecode.c.h; path = ViewController.h; sourceTree = "<group>"; };
		A76EFC0520E278E6006346F5 /* ViewController.m */ = {isa = PBXFileReference; fileEncoding = 4; lastKnownFileType = sourcecode.c.objc; path = ViewController.m; sourceTree = "<group>"; };
		A76EFC0820E278E6006346F5 /* Base */ = {isa = PBXFileReference; lastKnownFileType = file.storyboard; name = Base; path = LaunchScreen.storyboard; sourceTree = "<group>"; };
		A76EFC0A20E278E6006346F5 /* Base */ = {isa = PBXFileReference; lastKnownFileType = file.storyboard; name = Base; path = Main.storyboard; sourceTree = "<group>"; };
		A76EFC0B20E278E6006346F5 /* Info.plist */ = {isa = PBXFileReference; fileEncoding = 4; lastKnownFileType = text.plist.xml; path = Info.plist; sourceTree = "<group>"; };
		A76EFC0C20E278E6006346F5 /* main.m */ = {isa = PBXFileReference; fileEncoding = 4; lastKnownFileType = sourcecode.c.objc; path = main.m; sourceTree = "<group>"; };
		A76EFC0D20E278E6006346F5 /* Assets.xcassets */ = {isa = PBXFileReference; lastKnownFileType = folder.assetcatalog; path = Assets.xcassets; sourceTree = "<group>"; };
		A76EFC1420E279BB006346F5 /* PrefixHeader.pch */ = {isa = PBXFileReference; lastKnownFileType = sourcecode.c.h; path = PrefixHeader.pch; sourceTree = "<group>"; };
		A77D545C2224D65200B3DBB4 /* MainTabBarController.h */ = {isa = PBXFileReference; lastKnownFileType = sourcecode.c.h; path = MainTabBarController.h; sourceTree = "<group>"; };
		A77D545D2224D65200B3DBB4 /* MainTabBarController.m */ = {isa = PBXFileReference; lastKnownFileType = sourcecode.c.objc; path = MainTabBarController.m; sourceTree = "<group>"; };
		A77D545F2224D66C00B3DBB4 /* RootNavigationController.h */ = {isa = PBXFileReference; lastKnownFileType = sourcecode.c.h; path = RootNavigationController.h; sourceTree = "<group>"; };
		A77D54602224D66C00B3DBB4 /* RootNavigationController.m */ = {isa = PBXFileReference; lastKnownFileType = sourcecode.c.objc; path = RootNavigationController.m; sourceTree = "<group>"; };
		A77D54622224DAEC00B3DBB4 /* HomeViewController.h */ = {isa = PBXFileReference; lastKnownFileType = sourcecode.c.h; path = HomeViewController.h; sourceTree = "<group>"; };
		A77D54632224DAEC00B3DBB4 /* HomeViewController.m */ = {isa = PBXFileReference; lastKnownFileType = sourcecode.c.objc; path = HomeViewController.m; sourceTree = "<group>"; };
		A77D548122251DFE00B3DBB4 /* LCViewControllerIntercepter.h */ = {isa = PBXFileReference; lastKnownFileType = sourcecode.c.h; path = LCViewControllerIntercepter.h; sourceTree = "<group>"; };
		A77D548222251DFE00B3DBB4 /* LCViewControllerIntercepter.m */ = {isa = PBXFileReference; lastKnownFileType = sourcecode.c.objc; path = LCViewControllerIntercepter.m; sourceTree = "<group>"; };
		A77D548422251E2D00B3DBB4 /* LCNavigationControllerIntercepter.h */ = {isa = PBXFileReference; lastKnownFileType = sourcecode.c.h; path = LCNavigationControllerIntercepter.h; sourceTree = "<group>"; };
		A77D548522251E2D00B3DBB4 /* LCNavigationControllerIntercepter.m */ = {isa = PBXFileReference; lastKnownFileType = sourcecode.c.objc; path = LCNavigationControllerIntercepter.m; sourceTree = "<group>"; };
		A7CAC9142223C25C0016C4A8 /* LCBannerView.h */ = {isa = PBXFileReference; lastKnownFileType = sourcecode.c.h; path = LCBannerView.h; sourceTree = "<group>"; };
		A7CAC9152223C25C0016C4A8 /* LCBannerView.m */ = {isa = PBXFileReference; lastKnownFileType = sourcecode.c.objc; path = LCBannerView.m; sourceTree = "<group>"; };
		A7CAC9182223C8FD0016C4A8 /* NSString+LCAdd.h */ = {isa = PBXFileReference; lastKnownFileType = sourcecode.c.h; path = "NSString+LCAdd.h"; sourceTree = "<group>"; };
		A7CAC9192223C8FD0016C4A8 /* NSString+LCAdd.m */ = {isa = PBXFileReference; lastKnownFileType = sourcecode.c.objc; path = "NSString+LCAdd.m"; sourceTree = "<group>"; };
		A7CAC91B2223C9120016C4A8 /* UIImage+LCAdd.h */ = {isa = PBXFileReference; lastKnownFileType = sourcecode.c.h; path = "UIImage+LCAdd.h"; sourceTree = "<group>"; };
		A7CAC91C2223C9120016C4A8 /* UIImage+LCAdd.m */ = {isa = PBXFileReference; lastKnownFileType = sourcecode.c.objc; path = "UIImage+LCAdd.m"; sourceTree = "<group>"; };
		A7CAC91E2223C93D0016C4A8 /* UIResponder+LCAdd.h */ = {isa = PBXFileReference; lastKnownFileType = sourcecode.c.h; path = "UIResponder+LCAdd.h"; sourceTree = "<group>"; };
		A7CAC91F2223C93D0016C4A8 /* UIResponder+LCAdd.m */ = {isa = PBXFileReference; lastKnownFileType = sourcecode.c.objc; path = "UIResponder+LCAdd.m"; sourceTree = "<group>"; };
		A7CAC9212223C94D0016C4A8 /* UIViewController+LCAdd.h */ = {isa = PBXFileReference; lastKnownFileType = sourcecode.c.h; path = "UIViewController+LCAdd.h"; sourceTree = "<group>"; };
		A7CAC9222223C94D0016C4A8 /* UIViewController+LCAdd.m */ = {isa = PBXFileReference; lastKnownFileType = sourcecode.c.objc; path = "UIViewController+LCAdd.m"; sourceTree = "<group>"; };
		A7CAC9242223C9590016C4A8 /* UIView+LCAdd.h */ = {isa = PBXFileReference; lastKnownFileType = sourcecode.c.h; path = "UIView+LCAdd.h"; sourceTree = "<group>"; };
		A7CAC9252223C9590016C4A8 /* UIView+LCAdd.m */ = {isa = PBXFileReference; lastKnownFileType = sourcecode.c.objc; path = "UIView+LCAdd.m"; sourceTree = "<group>"; };
		A7CAC9272223C9650016C4A8 /* UIButton+LCAdd.h */ = {isa = PBXFileReference; lastKnownFileType = sourcecode.c.h; path = "UIButton+LCAdd.h"; sourceTree = "<group>"; };
		A7CAC9282223C9650016C4A8 /* UIButton+LCAdd.m */ = {isa = PBXFileReference; lastKnownFileType = sourcecode.c.objc; path = "UIButton+LCAdd.m"; sourceTree = "<group>"; };
		A7CAC92A2223C97E0016C4A8 /* CAGradientLayer+LCAdd.h */ = {isa = PBXFileReference; lastKnownFileType = sourcecode.c.h; path = "CAGradientLayer+LCAdd.h"; sourceTree = "<group>"; };
		A7CAC92B2223C97E0016C4A8 /* CAGradientLayer+LCAdd.m */ = {isa = PBXFileReference; lastKnownFileType = sourcecode.c.objc; path = "CAGradientLayer+LCAdd.m"; sourceTree = "<group>"; };
		A7CAC92D2223C98B0016C4A8 /* NSDate+LCAdd.h */ = {isa = PBXFileReference; lastKnownFileType = sourcecode.c.h; path = "NSDate+LCAdd.h"; sourceTree = "<group>"; };
		A7CAC92E2223C98B0016C4A8 /* NSDate+LCAdd.m */ = {isa = PBXFileReference; lastKnownFileType = sourcecode.c.objc; path = "NSDate+LCAdd.m"; sourceTree = "<group>"; };
		A7CAC9302223C9950016C4A8 /* LCAdd.h */ = {isa = PBXFileReference; lastKnownFileType = sourcecode.c.h; path = LCAdd.h; sourceTree = "<group>"; };
		A7CAC9332223D0B80016C4A8 /* LCSortView.h */ = {isa = PBXFileReference; lastKnownFileType = sourcecode.c.h; path = LCSortView.h; sourceTree = "<group>"; };
		A7CAC9342223D0B80016C4A8 /* LCSortView.m */ = {isa = PBXFileReference; lastKnownFileType = sourcecode.c.objc; path = LCSortView.m; sourceTree = "<group>"; };
		A7CAC9362223D3540016C4A8 /* LCSortDataModel.h */ = {isa = PBXFileReference; lastKnownFileType = sourcecode.c.h; path = LCSortDataModel.h; sourceTree = "<group>"; };
		A7CAC9372223D3540016C4A8 /* LCSortDataModel.m */ = {isa = PBXFileReference; lastKnownFileType = sourcecode.c.objc; path = LCSortDataModel.m; sourceTree = "<group>"; };
		A7EA78CD221E6C1000BFFCFF /* LCAlertView.h */ = {isa = PBXFileReference; lastKnownFileType = sourcecode.c.h; path = LCAlertView.h; sourceTree = "<group>"; };
		A7EA78CE221E6C1000BFFCFF /* LCAlertView.m */ = {isa = PBXFileReference; lastKnownFileType = sourcecode.c.objc; path = LCAlertView.m; sourceTree = "<group>"; };
		A7EFDDBC221E399A00A73A4B /* CommonMacros.h */ = {isa = PBXFileReference; lastKnownFileType = sourcecode.c.h; path = CommonMacros.h; sourceTree = "<group>"; };
		D7F3CA0A8E8FA35B6D2F39BB /* libPods-SLCDevelopLibrary.a */ = {isa = PBXFileReference; explicitFileType = archive.ar; includeInIndex = 0; path = "libPods-SLCDevelopLibrary.a"; sourceTree = BUILT_PRODUCTS_DIR; };
		EA79342FFEE9198361D6B5E1 /* Pods-SLCDevelopLibrary.debug.xcconfig */ = {isa = PBXFileReference; includeInIndex = 1; lastKnownFileType = text.xcconfig; name = "Pods-SLCDevelopLibrary.debug.xcconfig"; path = "Pods/Target Support Files/Pods-SLCDevelopLibrary/Pods-SLCDevelopLibrary.debug.xcconfig"; sourceTree = "<group>"; };
/* End PBXFileReference section */

/* Begin PBXFrameworksBuildPhase section */
		A76EFBDC20E26C1B006346F5 /* Frameworks */ = {
			isa = PBXFrameworksBuildPhase;
			buildActionMask = 2147483647;
			files = (
				A0830D5E20EF417F00B5D9F7 /* libSDCycleScrollView.a in Frameworks */,
				A0830D5A20EF417700B5D9F7 /* libSDWebImage.a in Frameworks */,
				7FD8A73618A5F3F2A430EB7F /* libPods-SLCDevelopLibrary.a in Frameworks */,
			);
			runOnlyForDeploymentPostprocessing = 0;
		};
/* End PBXFrameworksBuildPhase section */

/* Begin PBXGroup section */
		A0830D5520EF082D00B5D9F7 /* LCGuideView */ = {
			isa = PBXGroup;
			children = (
				A0830D5620EF087300B5D9F7 /* LCGuideView.h */,
				A0830D5720EF087300B5D9F7 /* LCGuideView.m */,
			);
			path = LCGuideView;
			sourceTree = "<group>";
		};
		A7141E5222408BCF00D67ECB /* LCPickerView */ = {
			isa = PBXGroup;
			children = (
				A7141E5322408BE500D67ECB /* LCPickerView.h */,
				A7141E5422408BE500D67ECB /* LCPickerView.m */,
			);
			path = LCPickerView;
			sourceTree = "<group>";
		};
		A7141E56224096B400D67ECB /* LCPhotoView */ = {
			isa = PBXGroup;
			children = (
				A7141E602240974300D67ECB /* LCPhotoDataModel.h */,
				A7141E612240974300D67ECB /* LCPhotoDataModel.m */,
				A7141E57224096D000D67ECB /* LCPhotoView.h */,
				A7141E58224096D000D67ECB /* LCPhotoView.m */,
				A7141E5A224096F300D67ECB /* LCPhotoInfoCollectionViewCell.h */,
				A7141E5B224096F300D67ECB /* LCPhotoInfoCollectionViewCell.m */,
				A7141E5D2240970C00D67ECB /* LCCheckPhotoView.h */,
				A7141E5E2240970C00D67ECB /* LCCheckPhotoView.m */,
			);
			path = LCPhotoView;
			sourceTree = "<group>";
		};
		A7141E662240B5BC00D67ECB /* ThirdLibrary */ = {
			isa = PBXGroup;
			children = (
				A7141E672240B5DE00D67ECB /* SDPhotoBrowser */,
			);
			path = ThirdLibrary;
			sourceTree = "<group>";
		};
		A7141E672240B5DE00D67ECB /* SDPhotoBrowser */ = {
			isa = PBXGroup;
			children = (
				A7141E6E2240B5DE00D67ECB /* SDBrowserImageView.h */,
				A7141E6B2240B5DE00D67ECB /* SDBrowserImageView.m */,
				A7141E6D2240B5DE00D67ECB /* SDPhotoBrowser.h */,
				A7141E692240B5DE00D67ECB /* SDPhotoBrowser.m */,
				A7141E682240B5DE00D67ECB /* SDPhotoBrowserConfig.h */,
				A7141E6C2240B5DE00D67ECB /* SDWaitingView.h */,
				A7141E6A2240B5DE00D67ECB /* SDWaitingView.m */,
			);
			path = SDPhotoBrowser;
			sourceTree = "<group>";
		};
		A7141E722240CC9700D67ECB /* Manager */ = {
			isa = PBXGroup;
			children = (
				A7141E732240CC9B00D67ECB /* LCCalendarManager */,
			);
			path = Manager;
			sourceTree = "<group>";
		};
		A7141E732240CC9B00D67ECB /* LCCalendarManager */ = {
			isa = PBXGroup;
			children = (
				A7141E742240CCCD00D67ECB /* LCCalendarViewController.h */,
				A7141E752240CCCD00D67ECB /* LCCalendarViewController.m */,
			);
			path = LCCalendarManager;
			sourceTree = "<group>";
		};
		A7141E772240CD8800D67ECB /* Resource */ = {
			isa = PBXGroup;
			children = (
				A7141E782240CDA700D67ECB /* 1.jpg */,
			);
			path = Resource;
			sourceTree = "<group>";
		};
		A71BFB18223F2FBB00C2C87E /* Network */ = {
			isa = PBXGroup;
			children = (
				A71BFB19223F2FE400C2C87E /* LCApiProxy.h */,
				A71BFB1A223F2FE400C2C87E /* LCApiProxy.m */,
				A71BFB1C223F346900C2C87E /* LCAPIBaseManager.h */,
				A71BFB1D223F346900C2C87E /* LCAPIBaseManager.m */,
			);
			path = Network;
			sourceTree = "<group>";
		};
		A71BFB1F223F3C7800C2C87E /* LCNumberView */ = {
			isa = PBXGroup;
			children = (
				A71BFB20223F3C9300C2C87E /* LCNumberView.h */,
				A71BFB21223F3C9300C2C87E /* LCNumberView.m */,
			);
			path = LCNumberView;
			sourceTree = "<group>";
		};
		A76EFBD620E26C1B006346F5 = {
			isa = PBXGroup;
			children = (
				A76EFBE120E26C1B006346F5 /* SLCDevelopLibrary */,
				A76EFBE020E26C1B006346F5 /* Products */,
				B7370B9DF5B7BA12E05F6582 /* Pods */,
				CC19E47A1F9D413DC6AC9623 /* Frameworks */,
			);
			sourceTree = "<group>";
		};
		A76EFBE020E26C1B006346F5 /* Products */ = {
			isa = PBXGroup;
			children = (
				A76EFBDF20E26C1B006346F5 /* SLCDevelopLibrary.app */,
			);
			name = Products;
			sourceTree = "<group>";
		};
		A76EFBE120E26C1B006346F5 /* SLCDevelopLibrary */ = {
			isa = PBXGroup;
			children = (
				A76EFBF820E27712006346F5 /* AppDelegate */,
				A77D54592224D5D000B3DBB4 /* Base */,
				A76EFBFB20E2775D006346F5 /* Define */,
				A7141E722240CC9700D67ECB /* Manager */,
				A7EFDDBA221E382C00A73A4B /* Modules */,
				A7141E772240CD8800D67ECB /* Resource */,
				A7141E662240B5BC00D67ECB /* ThirdLibrary */,
				A76EFBFA20E2772D006346F5 /* Utils */,
				A76EFC0320E27892006346F5 /* Supporting Files */,
			);
			path = SLCDevelopLibrary;
			sourceTree = "<group>";
		};
		A76EFBF820E27712006346F5 /* AppDelegate */ = {
			isa = PBXGroup;
			children = (
				A76EFC0020E27859006346F5 /* AppDelegate.h */,
				A76EFC0120E27859006346F5 /* AppDelegate.m */,
				A7141E632240B12B00D67ECB /* AppDelegate+AppService.h */,
				A7141E642240B12B00D67ECB /* AppDelegate+AppService.m */,
			);
			path = AppDelegate;
			sourceTree = "<group>";
		};
		A76EFBFA20E2772D006346F5 /* Utils */ = {
			isa = PBXGroup;
			children = (
				A7141E56224096B400D67ECB /* LCPhotoView */,
				A7141E5222408BCF00D67ECB /* LCPickerView */,
				A71BFB1F223F3C7800C2C87E /* LCNumberView */,
				A71BFB18223F2FBB00C2C87E /* Network */,
				A77D548022251DE400B3DBB4 /* Intercepter */,
				A7CAC9322223D0A50016C4A8 /* LCSortView */,
				A7CAC9172223C8CE0016C4A8 /* Category */,
				A7CAC9132223C23E0016C4A8 /* LCBannerView */,
				A7EA78CC221E6BF300BFFCFF /* LCAlertView */,
				A0830D5520EF082D00B5D9F7 /* LCGuideView */,
			);
			path = Utils;
			sourceTree = "<group>";
		};
		A76EFBFB20E2775D006346F5 /* Define */ = {
			isa = PBXGroup;
			children = (
				A76E03FE20E3C903006346F5 /* UtilsMacros.h */,
				A76E03FF20E3C914006346F5 /* URLMacros.h */,
				A7EFDDBC221E399A00A73A4B /* CommonMacros.h */,
			);
			path = Define;
			sourceTree = "<group>";
		};
		A76EFC0320E27892006346F5 /* Supporting Files */ = {
			isa = PBXGroup;
			children = (
				A76EFC0D20E278E6006346F5 /* Assets.xcassets */,
				A76EFC0620E278E6006346F5 /* Base.lproj */,
				A76EFC0B20E278E6006346F5 /* Info.plist */,
				A76EFC0C20E278E6006346F5 /* main.m */,
				A76EFC0420E278E6006346F5 /* ViewController.h */,
				A76EFC0520E278E6006346F5 /* ViewController.m */,
				A76EFC1420E279BB006346F5 /* PrefixHeader.pch */,
			);
			path = "Supporting Files";
			sourceTree = "<group>";
		};
		A76EFC0620E278E6006346F5 /* Base.lproj */ = {
			isa = PBXGroup;
			children = (
				A76EFC0720E278E6006346F5 /* LaunchScreen.storyboard */,
				A76EFC0920E278E6006346F5 /* Main.storyboard */,
			);
			path = Base.lproj;
			sourceTree = "<group>";
		};
		A77D54592224D5D000B3DBB4 /* Base */ = {
			isa = PBXGroup;
			children = (
				A77D545B2224D5ED00B3DBB4 /* RootNavigationController */,
				A77D545A2224D5E000B3DBB4 /* TabBarController */,
			);
			path = Base;
			sourceTree = "<group>";
		};
		A77D545A2224D5E000B3DBB4 /* TabBarController */ = {
			isa = PBXGroup;
			children = (
				A77D545C2224D65200B3DBB4 /* MainTabBarController.h */,
				A77D545D2224D65200B3DBB4 /* MainTabBarController.m */,
			);
			path = TabBarController;
			sourceTree = "<group>";
		};
		A77D545B2224D5ED00B3DBB4 /* RootNavigationController */ = {
			isa = PBXGroup;
			children = (
				A77D545F2224D66C00B3DBB4 /* RootNavigationController.h */,
				A77D54602224D66C00B3DBB4 /* RootNavigationController.m */,
			);
			path = RootNavigationController;
			sourceTree = "<group>";
		};
		A77D548022251DE400B3DBB4 /* Intercepter */ = {
			isa = PBXGroup;
			children = (
				A77D548122251DFE00B3DBB4 /* LCViewControllerIntercepter.h */,
				A77D548222251DFE00B3DBB4 /* LCViewControllerIntercepter.m */,
				A77D548422251E2D00B3DBB4 /* LCNavigationControllerIntercepter.h */,
				A77D548522251E2D00B3DBB4 /* LCNavigationControllerIntercepter.m */,
			);
			path = Intercepter;
			sourceTree = "<group>";
		};
		A7CAC9132223C23E0016C4A8 /* LCBannerView */ = {
			isa = PBXGroup;
			children = (
				A7CAC9142223C25C0016C4A8 /* LCBannerView.h */,
				A7CAC9152223C25C0016C4A8 /* LCBannerView.m */,
			);
			path = LCBannerView;
			sourceTree = "<group>";
		};
		A7CAC9172223C8CE0016C4A8 /* Category */ = {
			isa = PBXGroup;
			children = (
				A7CAC92A2223C97E0016C4A8 /* CAGradientLayer+LCAdd.h */,
				A7CAC92B2223C97E0016C4A8 /* CAGradientLayer+LCAdd.m */,
				A7CAC9302223C9950016C4A8 /* LCAdd.h */,
				A7CAC92D2223C98B0016C4A8 /* NSDate+LCAdd.h */,
				A7CAC92E2223C98B0016C4A8 /* NSDate+LCAdd.m */,
				A7CAC9182223C8FD0016C4A8 /* NSString+LCAdd.h */,
				A7CAC9192223C8FD0016C4A8 /* NSString+LCAdd.m */,
				A7CAC9272223C9650016C4A8 /* UIButton+LCAdd.h */,
				A7CAC9282223C9650016C4A8 /* UIButton+LCAdd.m */,
				A7CAC91B2223C9120016C4A8 /* UIImage+LCAdd.h */,
				A7CAC91C2223C9120016C4A8 /* UIImage+LCAdd.m */,
				A7CAC91E2223C93D0016C4A8 /* UIResponder+LCAdd.h */,
				A7CAC91F2223C93D0016C4A8 /* UIResponder+LCAdd.m */,
				A7CAC9242223C9590016C4A8 /* UIView+LCAdd.h */,
				A7CAC9252223C9590016C4A8 /* UIView+LCAdd.m */,
				A7CAC9212223C94D0016C4A8 /* UIViewController+LCAdd.h */,
				A7CAC9222223C94D0016C4A8 /* UIViewController+LCAdd.m */,
			);
			path = Category;
			sourceTree = "<group>";
		};
		A7CAC9322223D0A50016C4A8 /* LCSortView */ = {
			isa = PBXGroup;
			children = (
				A7CAC9362223D3540016C4A8 /* LCSortDataModel.h */,
				A7CAC9372223D3540016C4A8 /* LCSortDataModel.m */,
				A7CAC9332223D0B80016C4A8 /* LCSortView.h */,
				A7CAC9342223D0B80016C4A8 /* LCSortView.m */,
			);
			path = LCSortView;
			sourceTree = "<group>";
		};
		A7EA78CC221E6BF300BFFCFF /* LCAlertView */ = {
			isa = PBXGroup;
			children = (
				A7EA78CD221E6C1000BFFCFF /* LCAlertView.h */,
				A7EA78CE221E6C1000BFFCFF /* LCAlertView.m */,
			);
			path = LCAlertView;
			sourceTree = "<group>";
		};
		A7EFDDBA221E382C00A73A4B /* Modules */ = {
			isa = PBXGroup;
			children = (
				A7EFDDBB221E382C00A73A4B /* Home */,
			);
			path = Modules;
			sourceTree = "<group>";
		};
		A7EFDDBB221E382C00A73A4B /* Home */ = {
			isa = PBXGroup;
			children = (
				A77D54622224DAEC00B3DBB4 /* HomeViewController.h */,
				A77D54632224DAEC00B3DBB4 /* HomeViewController.m */,
			);
			path = Home;
			sourceTree = "<group>";
		};
		B7370B9DF5B7BA12E05F6582 /* Pods */ = {
			isa = PBXGroup;
			children = (
				EA79342FFEE9198361D6B5E1 /* Pods-SLCDevelopLibrary.debug.xcconfig */,
				07924BA6C389CDB30DA07E63 /* Pods-SLCDevelopLibrary.release.xcconfig */,
			);
			name = Pods;
			sourceTree = "<group>";
		};
		CC19E47A1F9D413DC6AC9623 /* Frameworks */ = {
			isa = PBXGroup;
			children = (
				A0830D5D20EF417F00B5D9F7 /* libSDCycleScrollView.a */,
				A0830D5B20EF417B00B5D9F7 /* libSDAutoLayout.a */,
				A0830D5920EF417700B5D9F7 /* libSDWebImage.a */,
				D7F3CA0A8E8FA35B6D2F39BB /* libPods-SLCDevelopLibrary.a */,
			);
			name = Frameworks;
			sourceTree = "<group>";
		};
/* End PBXGroup section */

/* Begin PBXNativeTarget section */
		A76EFBDE20E26C1B006346F5 /* SLCDevelopLibrary */ = {
			isa = PBXNativeTarget;
			buildConfigurationList = A76EFBF520E26C1C006346F5 /* Build configuration list for PBXNativeTarget "SLCDevelopLibrary" */;
			buildPhases = (
				C4BC8A89C6EF66C0D3600AF2 /* [CP] Check Pods Manifest.lock */,
				A76EFBDB20E26C1B006346F5 /* Sources */,
				A76EFBDC20E26C1B006346F5 /* Frameworks */,
				A76EFBDD20E26C1B006346F5 /* Resources */,
				DEEEA34C6AFD607F90B5D193 /* [CP] Copy Pods Resources */,
			);
			buildRules = (
			);
			dependencies = (
			);
			name = SLCDevelopLibrary;
			productName = SLCDevelopLibrary;
			productReference = A76EFBDF20E26C1B006346F5 /* SLCDevelopLibrary.app */;
			productType = "com.apple.product-type.application";
		};
/* End PBXNativeTarget section */

/* Begin PBXProject section */
		A76EFBD720E26C1B006346F5 /* Project object */ = {
			isa = PBXProject;
			attributes = {
				LastUpgradeCheck = 0940;
				ORGANIZATIONNAME = "宋林城";
				TargetAttributes = {
					A76EFBDE20E26C1B006346F5 = {
						CreatedOnToolsVersion = 9.4.1;
					};
				};
			};
			buildConfigurationList = A76EFBDA20E26C1B006346F5 /* Build configuration list for PBXProject "SLCDevelopLibrary" */;
			compatibilityVersion = "Xcode 9.3";
			developmentRegion = en;
			hasScannedForEncodings = 0;
			knownRegions = (
				en,
				Base,
			);
			mainGroup = A76EFBD620E26C1B006346F5;
			productRefGroup = A76EFBE020E26C1B006346F5 /* Products */;
			projectDirPath = "";
			projectRoot = "";
			targets = (
				A76EFBDE20E26C1B006346F5 /* SLCDevelopLibrary */,
			);
		};
/* End PBXProject section */

/* Begin PBXResourcesBuildPhase section */
		A76EFBDD20E26C1B006346F5 /* Resources */ = {
			isa = PBXResourcesBuildPhase;
			buildActionMask = 2147483647;
			files = (
				A76EFC1020E278E7006346F5 /* Main.storyboard in Resources */,
				A7141E792240CDA700D67ECB /* 1.jpg in Resources */,
				A76EFC0F20E278E7006346F5 /* LaunchScreen.storyboard in Resources */,
				A76EFC1320E278E7006346F5 /* Assets.xcassets in Resources */,
			);
			runOnlyForDeploymentPostprocessing = 0;
		};
/* End PBXResourcesBuildPhase section */

/* Begin PBXShellScriptBuildPhase section */
		C4BC8A89C6EF66C0D3600AF2 /* [CP] Check Pods Manifest.lock */ = {
			isa = PBXShellScriptBuildPhase;
			buildActionMask = 2147483647;
			files = (
			);
			inputPaths = (
				"${PODS_PODFILE_DIR_PATH}/Podfile.lock",
				"${PODS_ROOT}/Manifest.lock",
			);
			name = "[CP] Check Pods Manifest.lock";
			outputPaths = (
				"$(DERIVED_FILE_DIR)/Pods-SLCDevelopLibrary-checkManifestLockResult.txt",
			);
			runOnlyForDeploymentPostprocessing = 0;
			shellPath = /bin/sh;
			shellScript = "diff \"${PODS_PODFILE_DIR_PATH}/Podfile.lock\" \"${PODS_ROOT}/Manifest.lock\" > /dev/null\nif [ $? != 0 ] ; then\n    # print error to STDERR\n    echo \"error: The sandbox is not in sync with the Podfile.lock. Run 'pod install' or update your CocoaPods installation.\" >&2\n    exit 1\nfi\n# This output is used by Xcode 'outputs' to avoid re-running this script phase.\necho \"SUCCESS\" > \"${SCRIPT_OUTPUT_FILE_0}\"\n";
			showEnvVarsInLog = 0;
		};
		DEEEA34C6AFD607F90B5D193 /* [CP] Copy Pods Resources */ = {
			isa = PBXShellScriptBuildPhase;
			buildActionMask = 2147483647;
			files = (
			);
			inputPaths = (
				"${SRCROOT}/Pods/Target Support Files/Pods-SLCDevelopLibrary/Pods-SLCDevelopLibrary-resources.sh",
				"${PODS_ROOT}/MJRefresh/MJRefresh/MJRefresh.bundle",
				"${PODS_ROOT}/TZImagePickerController/TZImagePickerController/TZImagePickerController/TZImagePickerController.bundle",
			);
			name = "[CP] Copy Pods Resources";
			outputPaths = (
				"${TARGET_BUILD_DIR}/${UNLOCALIZED_RESOURCES_FOLDER_PATH}/MJRefresh.bundle",
				"${TARGET_BUILD_DIR}/${UNLOCALIZED_RESOURCES_FOLDER_PATH}/TZImagePickerController.bundle",
			);
			runOnlyForDeploymentPostprocessing = 0;
			shellPath = /bin/sh;
			shellScript = "\"${SRCROOT}/Pods/Target Support Files/Pods-SLCDevelopLibrary/Pods-SLCDevelopLibrary-resources.sh\"\n";
			showEnvVarsInLog = 0;
		};
/* End PBXShellScriptBuildPhase section */

/* Begin PBXSourcesBuildPhase section */
		A76EFBDB20E26C1B006346F5 /* Sources */ = {
			isa = PBXSourcesBuildPhase;
			buildActionMask = 2147483647;
			files = (
				A71BFB1B223F2FE400C2C87E /* LCApiProxy.m in Sources */,
				A7141E622240974300D67ECB /* LCPhotoDataModel.m in Sources */,
				A7CAC9232223C94D0016C4A8 /* UIViewController+LCAdd.m in Sources */,
				A7141E5F2240970C00D67ECB /* LCCheckPhotoView.m in Sources */,
				A7141E5C224096F300D67ECB /* LCPhotoInfoCollectionViewCell.m in Sources */,
				A7141E6F2240B5DE00D67ECB /* SDPhotoBrowser.m in Sources */,
				A7141E712240B5DE00D67ECB /* SDBrowserImageView.m in Sources */,
				A7CAC9262223C9590016C4A8 /* UIView+LCAdd.m in Sources */,
				A77D548622251E2D00B3DBB4 /* LCNavigationControllerIntercepter.m in Sources */,
				A71BFB1E223F346900C2C87E /* LCAPIBaseManager.m in Sources */,
				A7141E5522408BE500D67ECB /* LCPickerView.m in Sources */,
				A71BFB22223F3C9300C2C87E /* LCNumberView.m in Sources */,
				A77D545E2224D65200B3DBB4 /* MainTabBarController.m in Sources */,
				A77D54642224DAEC00B3DBB4 /* HomeViewController.m in Sources */,
				A7CAC92C2223C97E0016C4A8 /* CAGradientLayer+LCAdd.m in Sources */,
				A7CAC9382223D3540016C4A8 /* LCSortDataModel.m in Sources */,
				A7141E702240B5DE00D67ECB /* SDWaitingView.m in Sources */,
				A7CAC9292223C9650016C4A8 /* UIButton+LCAdd.m in Sources */,
				A76EFC1220E278E7006346F5 /* main.m in Sources */,
				A0830D5820EF087300B5D9F7 /* LCGuideView.m in Sources */,
				A76EFC0220E27859006346F5 /* AppDelegate.m in Sources */,
				A7CAC9162223C25C0016C4A8 /* LCBannerView.m in Sources */,
				A7CAC9352223D0B80016C4A8 /* LCSortView.m in Sources */,
				A77D548322251DFE00B3DBB4 /* LCViewControllerIntercepter.m in Sources */,
				A7CAC91D2223C9120016C4A8 /* UIImage+LCAdd.m in Sources */,
				A7141E652240B12B00D67ECB /* AppDelegate+AppService.m in Sources */,
				A7141E59224096D000D67ECB /* LCPhotoView.m in Sources */,
				A7141E762240CCCD00D67ECB /* LCCalendarViewController.m in Sources */,
				A77D54612224D66C00B3DBB4 /* RootNavigationController.m in Sources */,
				A7EA78CF221E6C1000BFFCFF /* LCAlertView.m in Sources */,
				A7CAC91A2223C8FD0016C4A8 /* NSString+LCAdd.m in Sources */,
				A76EFC0E20E278E7006346F5 /* ViewController.m in Sources */,
				A7CAC9202223C93D0016C4A8 /* UIResponder+LCAdd.m in Sources */,
				A7CAC92F2223C98B0016C4A8 /* NSDate+LCAdd.m in Sources */,
			);
			runOnlyForDeploymentPostprocessing = 0;
		};
/* End PBXSourcesBuildPhase section */

/* Begin PBXVariantGroup section */
		A76EFC0720E278E6006346F5 /* LaunchScreen.storyboard */ = {
			isa = PBXVariantGroup;
			children = (
				A76EFC0820E278E6006346F5 /* Base */,
			);
			name = LaunchScreen.storyboard;
			sourceTree = "<group>";
		};
		A76EFC0920E278E6006346F5 /* Main.storyboard */ = {
			isa = PBXVariantGroup;
			children = (
				A76EFC0A20E278E6006346F5 /* Base */,
			);
			name = Main.storyboard;
			sourceTree = "<group>";
		};
/* End PBXVariantGroup section */

/* Begin XCBuildConfiguration section */
		A76EFBF320E26C1C006346F5 /* Debug */ = {
			isa = XCBuildConfiguration;
			buildSettings = {
				ALWAYS_SEARCH_USER_PATHS = NO;
				CLANG_ANALYZER_NONNULL = YES;
				CLANG_ANALYZER_NUMBER_OBJECT_CONVERSION = YES_AGGRESSIVE;
				CLANG_CXX_LANGUAGE_STANDARD = "gnu++14";
				CLANG_CXX_LIBRARY = "libc++";
				CLANG_ENABLE_MODULES = YES;
				CLANG_ENABLE_OBJC_ARC = YES;
				CLANG_ENABLE_OBJC_WEAK = YES;
				CLANG_WARN_BLOCK_CAPTURE_AUTORELEASING = YES;
				CLANG_WARN_BOOL_CONVERSION = YES;
				CLANG_WARN_COMMA = YES;
				CLANG_WARN_CONSTANT_CONVERSION = YES;
				CLANG_WARN_DEPRECATED_OBJC_IMPLEMENTATIONS = YES;
				CLANG_WARN_DIRECT_OBJC_ISA_USAGE = YES_ERROR;
				CLANG_WARN_DOCUMENTATION_COMMENTS = YES;
				CLANG_WARN_EMPTY_BODY = YES;
				CLANG_WARN_ENUM_CONVERSION = YES;
				CLANG_WARN_INFINITE_RECURSION = YES;
				CLANG_WARN_INT_CONVERSION = YES;
				CLANG_WARN_NON_LITERAL_NULL_CONVERSION = YES;
				CLANG_WARN_OBJC_IMPLICIT_RETAIN_SELF = YES;
				CLANG_WARN_OBJC_LITERAL_CONVERSION = YES;
				CLANG_WARN_OBJC_ROOT_CLASS = YES_ERROR;
				CLANG_WARN_RANGE_LOOP_ANALYSIS = YES;
				CLANG_WARN_STRICT_PROTOTYPES = YES;
				CLANG_WARN_SUSPICIOUS_MOVE = YES;
				CLANG_WARN_UNGUARDED_AVAILABILITY = YES_AGGRESSIVE;
				CLANG_WARN_UNREACHABLE_CODE = YES;
				CLANG_WARN__DUPLICATE_METHOD_MATCH = YES;
				CODE_SIGN_IDENTITY = "iPhone Developer";
				COPY_PHASE_STRIP = NO;
				DEBUG_INFORMATION_FORMAT = dwarf;
				ENABLE_STRICT_OBJC_MSGSEND = YES;
				ENABLE_TESTABILITY = YES;
				GCC_C_LANGUAGE_STANDARD = gnu11;
				GCC_DYNAMIC_NO_PIC = NO;
				GCC_NO_COMMON_BLOCKS = YES;
				GCC_OPTIMIZATION_LEVEL = 0;
				GCC_PREPROCESSOR_DEFINITIONS = (
					"DEBUG=1",
					"$(inherited)",
				);
				GCC_WARN_64_TO_32_BIT_CONVERSION = YES;
				GCC_WARN_ABOUT_RETURN_TYPE = YES_ERROR;
				GCC_WARN_UNDECLARED_SELECTOR = YES;
				GCC_WARN_UNINITIALIZED_AUTOS = YES_AGGRESSIVE;
				GCC_WARN_UNUSED_FUNCTION = YES;
				GCC_WARN_UNUSED_VARIABLE = YES;
				IPHONEOS_DEPLOYMENT_TARGET = 11.4;
				MTL_ENABLE_DEBUG_INFO = YES;
				ONLY_ACTIVE_ARCH = YES;
				SDKROOT = iphoneos;
			};
			name = Debug;
		};
		A76EFBF420E26C1C006346F5 /* Release */ = {
			isa = XCBuildConfiguration;
			buildSettings = {
				ALWAYS_SEARCH_USER_PATHS = NO;
				CLANG_ANALYZER_NONNULL = YES;
				CLANG_ANALYZER_NUMBER_OBJECT_CONVERSION = YES_AGGRESSIVE;
				CLANG_CXX_LANGUAGE_STANDARD = "gnu++14";
				CLANG_CXX_LIBRARY = "libc++";
				CLANG_ENABLE_MODULES = YES;
				CLANG_ENABLE_OBJC_ARC = YES;
				CLANG_ENABLE_OBJC_WEAK = YES;
				CLANG_WARN_BLOCK_CAPTURE_AUTORELEASING = YES;
				CLANG_WARN_BOOL_CONVERSION = YES;
				CLANG_WARN_COMMA = YES;
				CLANG_WARN_CONSTANT_CONVERSION = YES;
				CLANG_WARN_DEPRECATED_OBJC_IMPLEMENTATIONS = YES;
				CLANG_WARN_DIRECT_OBJC_ISA_USAGE = YES_ERROR;
				CLANG_WARN_DOCUMENTATION_COMMENTS = YES;
				CLANG_WARN_EMPTY_BODY = YES;
				CLANG_WARN_ENUM_CONVERSION = YES;
				CLANG_WARN_INFINITE_RECURSION = YES;
				CLANG_WARN_INT_CONVERSION = YES;
				CLANG_WARN_NON_LITERAL_NULL_CONVERSION = YES;
				CLANG_WARN_OBJC_IMPLICIT_RETAIN_SELF = YES;
				CLANG_WARN_OBJC_LITERAL_CONVERSION = YES;
				CLANG_WARN_OBJC_ROOT_CLASS = YES_ERROR;
				CLANG_WARN_RANGE_LOOP_ANALYSIS = YES;
				CLANG_WARN_STRICT_PROTOTYPES = YES;
				CLANG_WARN_SUSPICIOUS_MOVE = YES;
				CLANG_WARN_UNGUARDED_AVAILABILITY = YES_AGGRESSIVE;
				CLANG_WARN_UNREACHABLE_CODE = YES;
				CLANG_WARN__DUPLICATE_METHOD_MATCH = YES;
				CODE_SIGN_IDENTITY = "iPhone Developer";
				COPY_PHASE_STRIP = NO;
				DEBUG_INFORMATION_FORMAT = "dwarf-with-dsym";
				ENABLE_NS_ASSERTIONS = NO;
				ENABLE_STRICT_OBJC_MSGSEND = YES;
				GCC_C_LANGUAGE_STANDARD = gnu11;
				GCC_NO_COMMON_BLOCKS = YES;
				GCC_WARN_64_TO_32_BIT_CONVERSION = YES;
				GCC_WARN_ABOUT_RETURN_TYPE = YES_ERROR;
				GCC_WARN_UNDECLARED_SELECTOR = YES;
				GCC_WARN_UNINITIALIZED_AUTOS = YES_AGGRESSIVE;
				GCC_WARN_UNUSED_FUNCTION = YES;
				GCC_WARN_UNUSED_VARIABLE = YES;
				IPHONEOS_DEPLOYMENT_TARGET = 11.4;
				MTL_ENABLE_DEBUG_INFO = NO;
				SDKROOT = iphoneos;
				VALIDATE_PRODUCT = YES;
			};
			name = Release;
		};
		A76EFBF620E26C1C006346F5 /* Debug */ = {
			isa = XCBuildConfiguration;
			baseConfigurationReference = EA79342FFEE9198361D6B5E1 /* Pods-SLCDevelopLibrary.debug.xcconfig */;
			buildSettings = {
				ASSETCATALOG_COMPILER_APPICON_NAME = AppIcon;
				CODE_SIGN_STYLE = Automatic;
				DEVELOPMENT_TEAM = NLX838WW44;
				GCC_PRECOMPILE_PREFIX_HEADER = YES;
				GCC_PREFIX_HEADER = "$(SRCROOT)/SLCDevelopLibrary/Supporting Files/PrefixHeader.pch";
				INFOPLIST_FILE = "SLCDevelopLibrary/Supporting Files/Info.plist";
				IPHONEOS_DEPLOYMENT_TARGET = 9.0;
				LD_RUNPATH_SEARCH_PATHS = (
					"$(inherited)",
					"@executable_path/Frameworks",
				);
				PRODUCT_BUNDLE_IDENTIFIER = com.test.SLCDevelopLibrary;
				PRODUCT_NAME = "$(TARGET_NAME)";
				TARGETED_DEVICE_FAMILY = "1,2";
				USER_HEADER_SEARCH_PATHS = "${SRCROOT}/**";
			};
			name = Debug;
		};
		A76EFBF720E26C1C006346F5 /* Release */ = {
			isa = XCBuildConfiguration;
			baseConfigurationReference = 07924BA6C389CDB30DA07E63 /* Pods-SLCDevelopLibrary.release.xcconfig */;
			buildSettings = {
				ASSETCATALOG_COMPILER_APPICON_NAME = AppIcon;
				CODE_SIGN_STYLE = Automatic;
				DEVELOPMENT_TEAM = NLX838WW44;
				GCC_PRECOMPILE_PREFIX_HEADER = YES;
				GCC_PREFIX_HEADER = "$(SRCROOT)/SLCDevelopLibrary/Supporting Files/PrefixHeader.pch";
				INFOPLIST_FILE = "SLCDevelopLibrary/Supporting Files/Info.plist";
				IPHONEOS_DEPLOYMENT_TARGET = 9.0;
				LD_RUNPATH_SEARCH_PATHS = (
					"$(inherited)",
					"@executable_path/Frameworks",
				);
				PRODUCT_BUNDLE_IDENTIFIER = com.test.SLCDevelopLibrary;
				PRODUCT_NAME = "$(TARGET_NAME)";
				TARGETED_DEVICE_FAMILY = "1,2";
				USER_HEADER_SEARCH_PATHS = "${SRCROOT}/**";
			};
			name = Release;
		};
/* End XCBuildConfiguration section */

/* Begin XCConfigurationList section */
		A76EFBDA20E26C1B006346F5 /* Build configuration list for PBXProject "SLCDevelopLibrary" */ = {
			isa = XCConfigurationList;
			buildConfigurations = (
				A76EFBF320E26C1C006346F5 /* Debug */,
				A76EFBF420E26C1C006346F5 /* Release */,
			);
			defaultConfigurationIsVisible = 0;
			defaultConfigurationName = Release;
		};
		A76EFBF520E26C1C006346F5 /* Build configuration list for PBXNativeTarget "SLCDevelopLibrary" */ = {
			isa = XCConfigurationList;
			buildConfigurations = (
				A76EFBF620E26C1C006346F5 /* Debug */,
				A76EFBF720E26C1C006346F5 /* Release */,
			);
			defaultConfigurationIsVisible = 0;
			defaultConfigurationName = Release;
		};
/* End XCConfigurationList section */
	};
	rootObject = A76EFBD720E26C1B006346F5 /* Project object */;
}
